// !$*UTF8*$!
{
	archiveVersion = 1;
	classes = {
	};
	objectVersion = 48;
	objects = {

/* Begin PBXBuildFile section */
		EE231666228227E700AE2F23 /* AppDelegate.swift in Sources */ = {isa = PBXBuildFile; fileRef = EE231665228227E700AE2F23 /* AppDelegate.swift */; };
		EE231668228227E700AE2F23 /* ViewController.swift in Sources */ = {isa = PBXBuildFile; fileRef = EE231667228227E700AE2F23 /* ViewController.swift */; };
		EE23166B228227E700AE2F23 /* Main.storyboard in Resources */ = {isa = PBXBuildFile; fileRef = EE231669228227E700AE2F23 /* Main.storyboard */; };
		EE23166E228227E700AE2F23 /* Convertidor.xcdatamodeld in Sources */ = {isa = PBXBuildFile; fileRef = EE23166C228227E700AE2F23 /* Convertidor.xcdatamodeld */; };
		EE231670228227E700AE2F23 /* Assets.xcassets in Resources */ = {isa = PBXBuildFile; fileRef = EE23166F228227E700AE2F23 /* Assets.xcassets */; };
		EE231673228227E700AE2F23 /* LaunchScreen.storyboard in Resources */ = {isa = PBXBuildFile; fileRef = EE231671228227E700AE2F23 /* LaunchScreen.storyboard */; };
		EE23167B22822EA700AE2F23 /* CalcularViewController.swift in Sources */ = {isa = PBXBuildFile; fileRef = EE23167A22822EA700AE2F23 /* CalcularViewController.swift */; };
/* End PBXBuildFile section */

/* Begin PBXFileReference section */
		EE231662228227E700AE2F23 /* Convertidor.app */ = {isa = PBXFileReference; explicitFileType = wrapper.application; includeInIndex = 0; path = Convertidor.app; sourceTree = BUILT_PRODUCTS_DIR; };
		EE231665228227E700AE2F23 /* AppDelegate.swift */ = {isa = PBXFileReference; lastKnownFileType = sourcecode.swift; path = AppDelegate.swift; sourceTree = "<group>"; };
		EE231667228227E700AE2F23 /* ViewController.swift */ = {isa = PBXFileReference; lastKnownFileType = sourcecode.swift; path = ViewController.swift; sourceTree = "<group>"; };
		EE23166A228227E700AE2F23 /* Base */ = {isa = PBXFileReference; lastKnownFileType = file.storyboard; name = Base; path = Base.lproj/Main.storyboard; sourceTree = "<group>"; };
		EE23166D228227E700AE2F23 /* Convertidor.xcdatamodel */ = {isa = PBXFileReference; lastKnownFileType = wrapper.xcdatamodel; path = Convertidor.xcdatamodel; sourceTree = "<group>"; };
		EE23166F228227E700AE2F23 /* Assets.xcassets */ = {isa = PBXFileReference; lastKnownFileType = folder.assetcatalog; path = Assets.xcassets; sourceTree = "<group>"; };
		EE231672228227E700AE2F23 /* Base */ = {isa = PBXFileReference; lastKnownFileType = file.storyboard; name = Base; path = Base.lproj/LaunchScreen.storyboard; sourceTree = "<group>"; };
		EE231674228227E700AE2F23 /* Info.plist */ = {isa = PBXFileReference; lastKnownFileType = text.plist.xml; path = Info.plist; sourceTree = "<group>"; };
		EE23167A22822EA700AE2F23 /* CalcularViewController.swift */ = {isa = PBXFileReference; lastKnownFileType = sourcecode.swift; path = CalcularViewController.swift; sourceTree = "<group>"; };
/* End PBXFileReference section */

/* Begin PBXFrameworksBuildPhase section */
		EE23165F228227E700AE2F23 /* Frameworks */ = {
			isa = PBXFrameworksBuildPhase;
			buildActionMask = 2147483647;
			files = (
			);
			runOnlyForDeploymentPostprocessing = 0;
		};
/* End PBXFrameworksBuildPhase section */

/* Begin PBXGroup section */
		EE231659228227E700AE2F23 = {
			isa = PBXGroup;
			children = (
				EE231664228227E700AE2F23 /* Convertidor */,
				EE231663228227E700AE2F23 /* Products */,
			);
			sourceTree = "<group>";
		};
		EE231663228227E700AE2F23 /* Products */ = {
			isa = PBXGroup;
			children = (
				EE231662228227E700AE2F23 /* Convertidor.app */,
			);
			name = Products;
			sourceTree = "<group>";
		};
		EE231664228227E700AE2F23 /* Convertidor */ = {
			isa = PBXGroup;
			children = (
				EE231665228227E700AE2F23 /* AppDelegate.swift */,
				EE231667228227E700AE2F23 /* ViewController.swift */,
				EE231669228227E700AE2F23 /* Main.storyboard */,
				EE23166F228227E700AE2F23 /* Assets.xcassets */,
				EE231671228227E700AE2F23 /* LaunchScreen.storyboard */,
				EE231674228227E700AE2F23 /* Info.plist */,
				EE23166C228227E700AE2F23 /* Convertidor.xcdatamodeld */,
				EE23167A22822EA700AE2F23 /* CalcularViewController.swift */,
			);
			path = Convertidor;
			sourceTree = "<group>";
		};
/* End PBXGroup section */

/* Begin PBXNativeTarget section */
		EE231661228227E700AE2F23 /* Convertidor */ = {
			isa = PBXNativeTarget;
			buildConfigurationList = EE231677228227E700AE2F23 /* Build configuration list for PBXNativeTarget "Convertidor" */;
			buildPhases = (
				EE23165E228227E700AE2F23 /* Sources */,
				EE23165F228227E700AE2F23 /* Frameworks */,
				EE231660228227E700AE2F23 /* Resources */,
			);
			buildRules = (
			);
			dependencies = (
			);
			name = Convertidor;
			productName = Convertidor;
			productReference = EE231662228227E700AE2F23 /* Convertidor.app */;
			productType = "com.apple.product-type.application";
		};
/* End PBXNativeTarget section */

/* Begin PBXProject section */
		EE23165A228227E700AE2F23 /* Project object */ = {
			isa = PBXProject;
			attributes = {
				LastSwiftUpdateCheck = 0920;
				LastUpgradeCheck = 0920;
				ORGANIZATIONNAME = "Erick Fernandez ";
				TargetAttributes = {
					EE231661228227E700AE2F23 = {
						CreatedOnToolsVersion = 9.2;
						ProvisioningStyle = Automatic;
					};
				};
			};
			buildConfigurationList = EE23165D228227E700AE2F23 /* Build configuration list for PBXProject "Convertidor" */;
			compatibilityVersion = "Xcode 8.0";
			developmentRegion = en;
			hasScannedForEncodings = 0;
			knownRegions = (
				en,
				Base,
			);
			mainGroup = EE231659228227E700AE2F23;
			productRefGroup = EE231663228227E700AE2F23 /* Products */;
			projectDirPath = "";
			projectRoot = "";
			targets = (
				EE231661228227E700AE2F23 /* Convertidor */,
			);
		};
/* End PBXProject section */

/* Begin PBXResourcesBuildPhase section */
		EE231660228227E700AE2F23 /* Resources */ = {
			isa = PBXResourcesBuildPhase;
			buildActionMask = 2147483647;
			files = (
				EE231673228227E700AE2F23 /* LaunchScreen.storyboard in Resources */,
				EE231670228227E700AE2F23 /* Assets.xcassets in Resources */,
				EE23166B228227E700AE2F23 /* Main.storyboard in Resources */,
			);
			runOnlyForDeploymentPostprocessing = 0;
		};
/* End PBXResourcesBuildPhase section */

/* Begin PBXSourcesBuildPhase section */
		EE23165E228227E700AE2F23 /* Sources */ = {
			isa = PBXSourcesBuildPhase;
			buildActionMask = 2147483647;
			files = (
				EE231668228227E700AE2F23 /* ViewController.swift in Sources */,
				EE23167B22822EA700AE2F23 /* CalcularViewController.swift in Sources */,
				EE231666228227E700AE2F23 /* AppDelegate.swift in Sources */,
				EE23166E228227E700AE2F23 /* Convertidor.xcdatamodeld in Sources */,
			);
			runOnlyForDeploymentPostprocessing = 0;
		};
/* End PBXSourcesBuildPhase section */

/* Begin PBXVariantGroup section */
		EE231669228227E700AE2F23 /* Main.storyboard */ = {
			isa = PBXVariantGroup;
			children = (
				EE23166A228227E700AE2F23 /* Base */,
			);
			name = Main.storyboard;
			sourceTree = "<group>";
		};
		EE231671228227E700AE2F23 /* LaunchScreen.storyboard */ = {
			isa = PBXVariantGroup;
			children = (
				EE231672228227E700AE2F23 /* Base */,
			);
			name = LaunchScreen.storyboard;
			sourceTree = "<group>";
		};
/* End PBXVariantGroup section */

/* Begin XCBuildConfiguration section */
		EE231675228227E700AE2F23 /* Debug */ = {
			isa = XCBuildConfiguration;
			buildSettings = {
				ALWAYS_SEARCH_USER_PATHS = NO;
				CLANG_ANALYZER_NONNULL = YES;
				CLANG_ANALYZER_NUMBER_OBJECT_CONVERSION = YES_AGGRESSIVE;
				CLANG_CXX_LANGUAGE_STANDARD = "gnu++14";
				CLANG_CXX_LIBRARY = "libc++";
				CLANG_ENABLE_MODULES = YES;
				CLANG_ENABLE_OBJC_ARC = YES;
				CLANG_WARN_BLOCK_CAPTURE_AUTORELEASING = YES;
				CLANG_WARN_BOOL_CONVERSION = YES;
				CLANG_WARN_COMMA = YES;
				CLANG_WARN_CONSTANT_CONVERSION = YES;
				CLANG_WARN_DIRECT_OBJC_ISA_USAGE = YES_ERROR;
				CLANG_WARN_DOCUMENTATION_COMMENTS = YES;
				CLANG_WARN_EMPTY_BODY = YES;
				CLANG_WARN_ENUM_CONVERSION = YES;
				CLANG_WARN_INFINITE_RECURSION = YES;
				CLANG_WARN_INT_CONVERSION = YES;
				CLANG_WARN_NON_LITERAL_NULL_CONVERSION = YES;
				CLANG_WARN_OBJC_LITERAL_CONVERSION = YES;
				CLANG_WARN_OBJC_ROOT_CLASS = YES_ERROR;
				CLANG_WARN_RANGE_LOOP_ANALYSIS = YES;
				CLANG_WARN_STRICT_PROTOTYPES = YES;
				CLANG_WARN_SUSPICIOUS_MOVE = YES;
				CLANG_WARN_UNGUARDED_AVAILABILITY = YES_AGGRESSIVE;
				CLANG_WARN_UNREACHABLE_CODE = YES;
				CLANG_WARN__DUPLICATE_METHOD_MATCH = YES;
				CODE_SIGN_IDENTITY = "iPhone Developer";
				COPY_PHASE_STRIP = NO;
				DEBUG_INFORMATION_FORMAT = dwarf;
				ENABLE_STRICT_OBJC_MSGSEND = YES;
				ENABLE_TESTABILITY = YES;
				GCC_C_LANGUAGE_STANDARD = gnu11;
				GCC_DYNAMIC_NO_PIC = NO;
				GCC_NO_COMMON_BLOCKS = YES;
				GCC_OPTIMIZATION_LEVEL = 0;
				GCC_PREPROCESSOR_DEFINITIONS = (
					"DEBUG=1",
					"$(inherited)",
				);
				GCC_WARN_64_TO_32_BIT_CONVERSION = YES;
				GCC_WARN_ABOUT_RETURN_TYPE = YES_ERROR;
				GCC_WARN_UNDECLARED_SELECTOR = YES;
				GCC_WARN_UNINITIALIZED_AUTOS = YES_AGGRESSIVE;
				GCC_WARN_UNUSED_FUNCTION = YES;
				GCC_WARN_UNUSED_VARIABLE = YES;
				IPHONEOS_DEPLOYMENT_TARGET = 11.2;
				MTL_ENABLE_DEBUG_INFO = YES;
				ONLY_ACTIVE_ARCH = YES;
				SDKROOT = iphoneos;
				SWIFT_ACTIVE_COMPILATION_CONDITIONS = DEBUG;
				SWIFT_OPTIMIZATION_LEVEL = "-Onone";
			};
			name = Debug;
		};
		EE231676228227E700AE2F23 /* Release */ = {
			isa = XCBuildConfiguration;
			buildSettings = {
				ALWAYS_SEARCH_USER_PATHS = NO;
				CLANG_ANALYZER_NONNULL = YES;
				CLANG_ANALYZER_NUMBER_OBJECT_CONVERSION = YES_AGGRESSIVE;
				CLANG_CXX_LANGUAGE_STANDARD = "gnu++14";
				CLANG_CXX_LIBRARY = "libc++";
				CLANG_ENABLE_MODULES = YES;
				CLANG_ENABLE_OBJC_ARC = YES;
				CLANG_WARN_BLOCK_CAPTURE_AUTORELEASING = YES;
				CLANG_WARN_BOOL_CONVERSION = YES;
				CLANG_WARN_COMMA = YES;
				CLANG_WARN_CONSTANT_CONVERSION = YES;
				CLANG_WARN_DIRECT_OBJC_ISA_USAGE = YES_ERROR;
				CLANG_WARN_DOCUMENTATION_COMMENTS = YES;
				CLANG_WARN_EMPTY_BODY = YES;
				CLANG_WARN_ENUM_CONVERSION = YES;
				CLANG_WARN_INFINITE_RECURSION = YES;
				CLANG_WARN_INT_CONVERSION = YES;
				CLANG_WARN_NON_LITERAL_NULL_CONVERSION = YES;
				CLANG_WARN_OBJC_LITERAL_CONVERSION = YES;
				CLANG_WARN_OBJC_ROOT_CLASS = YES_ERROR;
				CLANG_WARN_RANGE_LOOP_ANALYSIS = YES;
				CLANG_WARN_STRICT_PROTOTYPES = YES;
				CLANG_WARN_SUSPICIOUS_MOVE = YES;
				CLANG_WARN_UNGUARDED_AVAILABILITY = YES_AGGRESSIVE;
				CLANG_WARN_UNREACHABLE_CODE = YES;
				CLANG_WARN__DUPLICATE_METHOD_MATCH = YES;
				CODE_SIGN_IDENTITY = "iPhone Developer";
				COPY_PHASE_STRIP = NO;
				DEBUG_INFORMATION_FORMAT = "dwarf-with-dsym";
				ENABLE_NS_ASSERTIONS = NO;
				ENABLE_STRICT_OBJC_MSGSEND = YES;
				GCC_C_LANGUAGE_STANDARD = gnu11;
				GCC_NO_COMMON_BLOCKS = YES;
				GCC_WARN_64_TO_32_BIT_CONVERSION = YES;
				GCC_WARN_ABOUT_RETURN_TYPE = YES_ERROR;
				GCC_WARN_UNDECLARED_SELECTOR = YES;
				GCC_WARN_UNINITIALIZED_AUTOS = YES_AGGRESSIVE;
				GCC_WARN_UNUSED_FUNCTION = YES;
				GCC_WARN_UNUSED_VARIABLE = YES;
				IPHONEOS_DEPLOYMENT_TARGET = 11.2;
				MTL_ENABLE_DEBUG_INFO = NO;
				SDKROOT = iphoneos;
				SWIFT_OPTIMIZATION_LEVEL = "-Owholemodule";
				VALIDATE_PRODUCT = YES;
			};
			name = Release;
		};
		EE231678228227E700AE2F23 /* Debug */ = {
			isa = XCBuildConfiguration;
			buildSettings = {
				ASSETCATALOG_COMPILER_APPICON_NAME = AppIcon;
				CODE_SIGN_STYLE = Automatic;
				DEVELOPMENT_TEAM = 98X76M8L77;
				INFOPLIST_FILE = Convertidor/Info.plist;
				LD_RUNPATH_SEARCH_PATHS = "$(inherited) @executable_path/Frameworks";
				PRODUCT_BUNDLE_IDENTIFIER = tecsup.Convertidor;
				PRODUCT_NAME = "$(TARGET_NAME)";
				SWIFT_VERSION = 4.0;
				TARGETED_DEVICE_FAMILY = "1,2";
			};
			name = Debug;
		};
		EE231679228227E700AE2F23 /* Release */ = {
			isa = XCBuildConfiguration;
			buildSettings = {
				ASSETCATALOG_COMPILER_APPICON_NAME = AppIcon;
				CODE_SIGN_STYLE = Automatic;
				DEVELOPMENT_TEAM = 98X76M8L77;
				INFOPLIST_FILE = Convertidor/Info.plist;
				LD_RUNPATH_SEARCH_PATHS = "$(inherited) @executable_path/Frameworks";
				PRODUCT_BUNDLE_IDENTIFIER = tecsup.Convertidor;
				PRODUCT_NAME = "$(TARGET_NAME)";
				SWIFT_VERSION = 4.0;
				TARGETED_DEVICE_FAMILY = "1,2";
			};
			name = Release;
		};
/* End XCBuildConfiguration section */

/* Begin XCConfigurationList section */
		EE23165D228227E700AE2F23 /* Build configuration list for PBXProject "Convertidor" */ = {
			isa = XCConfigurationList;
			buildConfigurations = (
				EE231675228227E700AE2F23 /* Debug */,
				EE231676228227E700AE2F23 /* Release */,
			);
			defaultConfigurationIsVisible = 0;
			defaultConfigurationName = Release;
		};
		EE231677228227E700AE2F23 /* Build configuration list for PBXNativeTarget "Convertidor" */ = {
			isa = XCConfigurationList;
			buildConfigurations = (
				EE231678228227E700AE2F23 /* Debug */,
				EE231679228227E700AE2F23 /* Release */,
			);
			defaultConfigurationIsVisible = 0;
			defaultConfigurationName = Release;
		};
/* End XCConfigurationList section */

/* Begin XCVersionGroup section */
		EE23166C228227E700AE2F23 /* Convertidor.xcdatamodeld */ = {
			isa = XCVersionGroup;
			children = (
				EE23166D228227E700AE2F23 /* Convertidor.xcdatamodel */,
			);
			currentVersion = EE23166D228227E700AE2F23 /* Convertidor.xcdatamodel */;
			path = Convertidor.xcdatamodeld;
			sourceTree = "<group>";
			versionGroupType = wrapper.xcdatamodel;
		};
/* End XCVersionGroup section */
	};
	rootObject = EE23165A228227E700AE2F23 /* Project object */;
}
